// !$*UTF8*$!
{
	archiveVersion = 1;
	classes = {
	};
	objectVersion = 56;
	objects = {

/* Begin PBXBuildFile section */
		651F85222973F585003A66AA /* AppDelegate.swift in Sources */ = {isa = PBXBuildFile; fileRef = 651F85212973F585003A66AA /* AppDelegate.swift */; };
		651F85242973F585003A66AA /* SceneDelegate.swift in Sources */ = {isa = PBXBuildFile; fileRef = 651F85232973F585003A66AA /* SceneDelegate.swift */; };
		651F85262973F585003A66AA /* ViewController.swift in Sources */ = {isa = PBXBuildFile; fileRef = 651F85252973F585003A66AA /* ViewController.swift */; };
		651F85292973F585003A66AA /* Main.storyboard in Resources */ = {isa = PBXBuildFile; fileRef = 651F85272973F585003A66AA /* Main.storyboard */; };
		651F852B2973F587003A66AA /* Assets.xcassets in Resources */ = {isa = PBXBuildFile; fileRef = 651F852A2973F587003A66AA /* Assets.xcassets */; };
		651F852E2973F587003A66AA /* LaunchScreen.storyboard in Resources */ = {isa = PBXBuildFile; fileRef = 651F852C2973F587003A66AA /* LaunchScreen.storyboard */; };
		651F85392973F588003A66AA /* BeyondTheApps_AssignmentTests.swift in Sources */ = {isa = PBXBuildFile; fileRef = 651F85382973F588003A66AA /* BeyondTheApps_AssignmentTests.swift */; };
		651F85432973F588003A66AA /* BeyondTheApps_AssignmentUITests.swift in Sources */ = {isa = PBXBuildFile; fileRef = 651F85422973F588003A66AA /* BeyondTheApps_AssignmentUITests.swift */; };
		651F85452973F588003A66AA /* BeyondTheApps_AssignmentUITestsLaunchTests.swift in Sources */ = {isa = PBXBuildFile; fileRef = 651F85442973F588003A66AA /* BeyondTheApps_AssignmentUITestsLaunchTests.swift */; };
		651F85522974191C003A66AA /* ImageEditingViewController.swift in Sources */ = {isa = PBXBuildFile; fileRef = 651F85512974191C003A66AA /* ImageEditingViewController.swift */; };
		651F855429742069003A66AA /* VideoEditingViewController.swift in Sources */ = {isa = PBXBuildFile; fileRef = 651F855329742069003A66AA /* VideoEditingViewController.swift */; };
		651F855629742A4D003A66AA /* Drift.mp4 in Resources */ = {isa = PBXBuildFile; fileRef = 651F855529742A4D003A66AA /* Drift.mp4 */; };
/* End PBXBuildFile section */

/* Begin PBXContainerItemProxy section */
		651F85352973F588003A66AA /* PBXContainerItemProxy */ = {
			isa = PBXContainerItemProxy;
			containerPortal = 651F85162973F585003A66AA /* Project object */;
			proxyType = 1;
			remoteGlobalIDString = 651F851D2973F585003A66AA;
			remoteInfo = "BeyondTheApps Assignment";
		};
		651F853F2973F588003A66AA /* PBXContainerItemProxy */ = {
			isa = PBXContainerItemProxy;
			containerPortal = 651F85162973F585003A66AA /* Project object */;
			proxyType = 1;
			remoteGlobalIDString = 651F851D2973F585003A66AA;
			remoteInfo = "BeyondTheApps Assignment";
		};
/* End PBXContainerItemProxy section */

/* Begin PBXFileReference section */
		651F851E2973F585003A66AA /* BeyondTheApps Assignment.app */ = {isa = PBXFileReference; explicitFileType = wrapper.application; includeInIndex = 0; path = "BeyondTheApps Assignment.app"; sourceTree = BUILT_PRODUCTS_DIR; };
		651F85212973F585003A66AA /* AppDelegate.swift */ = {isa = PBXFileReference; lastKnownFileType = sourcecode.swift; path = AppDelegate.swift; sourceTree = "<group>"; };
		651F85232973F585003A66AA /* SceneDelegate.swift */ = {isa = PBXFileReference; lastKnownFileType = sourcecode.swift; path = SceneDelegate.swift; sourceTree = "<group>"; };
		651F85252973F585003A66AA /* ViewController.swift */ = {isa = PBXFileReference; lastKnownFileType = sourcecode.swift; path = ViewController.swift; sourceTree = "<group>"; };
		651F85282973F585003A66AA /* Base */ = {isa = PBXFileReference; lastKnownFileType = file.storyboard; name = Base; path = Base.lproj/Main.storyboard; sourceTree = "<group>"; };
		651F852A2973F587003A66AA /* Assets.xcassets */ = {isa = PBXFileReference; lastKnownFileType = folder.assetcatalog; path = Assets.xcassets; sourceTree = "<group>"; };
		651F852D2973F587003A66AA /* Base */ = {isa = PBXFileReference; lastKnownFileType = file.storyboard; name = Base; path = Base.lproj/LaunchScreen.storyboard; sourceTree = "<group>"; };
		651F852F2973F587003A66AA /* Info.plist */ = {isa = PBXFileReference; lastKnownFileType = text.plist.xml; path = Info.plist; sourceTree = "<group>"; };
		651F85342973F588003A66AA /* BeyondTheApps AssignmentTests.xctest */ = {isa = PBXFileReference; explicitFileType = wrapper.cfbundle; includeInIndex = 0; path = "BeyondTheApps AssignmentTests.xctest"; sourceTree = BUILT_PRODUCTS_DIR; };
		651F85382973F588003A66AA /* BeyondTheApps_AssignmentTests.swift */ = {isa = PBXFileReference; lastKnownFileType = sourcecode.swift; path = BeyondTheApps_AssignmentTests.swift; sourceTree = "<group>"; };
		651F853E2973F588003A66AA /* BeyondTheApps AssignmentUITests.xctest */ = {isa = PBXFileReference; explicitFileType = wrapper.cfbundle; includeInIndex = 0; path = "BeyondTheApps AssignmentUITests.xctest"; sourceTree = BUILT_PRODUCTS_DIR; };
		651F85422973F588003A66AA /* BeyondTheApps_AssignmentUITests.swift */ = {isa = PBXFileReference; lastKnownFileType = sourcecode.swift; path = BeyondTheApps_AssignmentUITests.swift; sourceTree = "<group>"; };
		651F85442973F588003A66AA /* BeyondTheApps_AssignmentUITestsLaunchTests.swift */ = {isa = PBXFileReference; lastKnownFileType = sourcecode.swift; path = BeyondTheApps_AssignmentUITestsLaunchTests.swift; sourceTree = "<group>"; };
		651F85512974191C003A66AA /* ImageEditingViewController.swift */ = {isa = PBXFileReference; lastKnownFileType = sourcecode.swift; path = ImageEditingViewController.swift; sourceTree = "<group>"; };
		651F855329742069003A66AA /* VideoEditingViewController.swift */ = {isa = PBXFileReference; lastKnownFileType = sourcecode.swift; path = VideoEditingViewController.swift; sourceTree = "<group>"; };
		651F855529742A4D003A66AA /* Drift.mp4 */ = {isa = PBXFileReference; lastKnownFileType = file; path = Drift.mp4; sourceTree = "<group>"; };
/* End PBXFileReference section */

/* Begin PBXFrameworksBuildPhase section */
		651F851B2973F585003A66AA /* Frameworks */ = {
			isa = PBXFrameworksBuildPhase;
			buildActionMask = 2147483647;
			files = (
			);
			runOnlyForDeploymentPostprocessing = 0;
		};
		651F85312973F588003A66AA /* Frameworks */ = {
			isa = PBXFrameworksBuildPhase;
			buildActionMask = 2147483647;
			files = (
			);
			runOnlyForDeploymentPostprocessing = 0;
		};
		651F853B2973F588003A66AA /* Frameworks */ = {
			isa = PBXFrameworksBuildPhase;
			buildActionMask = 2147483647;
			files = (
			);
			runOnlyForDeploymentPostprocessing = 0;
		};
/* End PBXFrameworksBuildPhase section */

/* Begin PBXGroup section */
		651F85152973F585003A66AA = {
			isa = PBXGroup;
			children = (
				651F85202973F585003A66AA /* BeyondTheApps Assignment */,
				651F85372973F588003A66AA /* BeyondTheApps AssignmentTests */,
				651F85412973F588003A66AA /* BeyondTheApps AssignmentUITests */,
				651F851F2973F585003A66AA /* Products */,
			);
			sourceTree = "<group>";
		};
		651F851F2973F585003A66AA /* Products */ = {
			isa = PBXGroup;
			children = (
				651F851E2973F585003A66AA /* BeyondTheApps Assignment.app */,
				651F85342973F588003A66AA /* BeyondTheApps AssignmentTests.xctest */,
				651F853E2973F588003A66AA /* BeyondTheApps AssignmentUITests.xctest */,
			);
			name = Products;
			sourceTree = "<group>";
		};
		651F85202973F585003A66AA /* BeyondTheApps Assignment */ = {
			isa = PBXGroup;
			children = (
				651F85212973F585003A66AA /* AppDelegate.swift */,
				651F85232973F585003A66AA /* SceneDelegate.swift */,
				651F85252973F585003A66AA /* ViewController.swift */,
				651F85512974191C003A66AA /* ImageEditingViewController.swift */,
				651F855329742069003A66AA /* VideoEditingViewController.swift */,
				651F85272973F585003A66AA /* Main.storyboard */,
				651F852A2973F587003A66AA /* Assets.xcassets */,
				651F855529742A4D003A66AA /* Drift.mp4 */,
				651F852C2973F587003A66AA /* LaunchScreen.storyboard */,
				651F852F2973F587003A66AA /* Info.plist */,
			);
			path = "BeyondTheApps Assignment";
			sourceTree = "<group>";
		};
		651F85372973F588003A66AA /* BeyondTheApps AssignmentTests */ = {
			isa = PBXGroup;
			children = (
				651F85382973F588003A66AA /* BeyondTheApps_AssignmentTests.swift */,
			);
			path = "BeyondTheApps AssignmentTests";
			sourceTree = "<group>";
		};
		651F85412973F588003A66AA /* BeyondTheApps AssignmentUITests */ = {
			isa = PBXGroup;
			children = (
				651F85422973F588003A66AA /* BeyondTheApps_AssignmentUITests.swift */,
				651F85442973F588003A66AA /* BeyondTheApps_AssignmentUITestsLaunchTests.swift */,
			);
			path = "BeyondTheApps AssignmentUITests";
			sourceTree = "<group>";
		};
/* End PBXGroup section */

/* Begin PBXNativeTarget section */
		651F851D2973F585003A66AA /* BeyondTheApps Assignment */ = {
			isa = PBXNativeTarget;
			buildConfigurationList = 651F85482973F588003A66AA /* Build configuration list for PBXNativeTarget "BeyondTheApps Assignment" */;
			buildPhases = (
				651F851A2973F585003A66AA /* Sources */,
				651F851B2973F585003A66AA /* Frameworks */,
				651F851C2973F585003A66AA /* Resources */,
			);
			buildRules = (
			);
			dependencies = (
			);
			name = "BeyondTheApps Assignment";
			productName = "BeyondTheApps Assignment";
			productReference = 651F851E2973F585003A66AA /* BeyondTheApps Assignment.app */;
			productType = "com.apple.product-type.application";
		};
		651F85332973F588003A66AA /* BeyondTheApps AssignmentTests */ = {
			isa = PBXNativeTarget;
			buildConfigurationList = 651F854B2973F588003A66AA /* Build configuration list for PBXNativeTarget "BeyondTheApps AssignmentTests" */;
			buildPhases = (
				651F85302973F588003A66AA /* Sources */,
				651F85312973F588003A66AA /* Frameworks */,
				651F85322973F588003A66AA /* Resources */,
			);
			buildRules = (
			);
			dependencies = (
				651F85362973F588003A66AA /* PBXTargetDependency */,
			);
			name = "BeyondTheApps AssignmentTests";
			productName = "BeyondTheApps AssignmentTests";
			productReference = 651F85342973F588003A66AA /* BeyondTheApps AssignmentTests.xctest */;
			productType = "com.apple.product-type.bundle.unit-test";
		};
		651F853D2973F588003A66AA /* BeyondTheApps AssignmentUITests */ = {
			isa = PBXNativeTarget;
			buildConfigurationList = 651F854E2973F588003A66AA /* Build configuration list for PBXNativeTarget "BeyondTheApps AssignmentUITests" */;
			buildPhases = (
				651F853A2973F588003A66AA /* Sources */,
				651F853B2973F588003A66AA /* Frameworks */,
				651F853C2973F588003A66AA /* Resources */,
			);
			buildRules = (
			);
			dependencies = (
				651F85402973F588003A66AA /* PBXTargetDependency */,
			);
			name = "BeyondTheApps AssignmentUITests";
			productName = "BeyondTheApps AssignmentUITests";
			productReference = 651F853E2973F588003A66AA /* BeyondTheApps AssignmentUITests.xctest */;
			productType = "com.apple.product-type.bundle.ui-testing";
		};
/* End PBXNativeTarget section */

/* Begin PBXProject section */
		651F85162973F585003A66AA /* Project object */ = {
			isa = PBXProject;
			attributes = {
				BuildIndependentTargetsInParallel = 1;
				LastSwiftUpdateCheck = 1420;
				LastUpgradeCheck = 1420;
				TargetAttributes = {
					651F851D2973F585003A66AA = {
						CreatedOnToolsVersion = 14.2;
					};
					651F85332973F588003A66AA = {
						CreatedOnToolsVersion = 14.2;
						TestTargetID = 651F851D2973F585003A66AA;
					};
					651F853D2973F588003A66AA = {
						CreatedOnToolsVersion = 14.2;
						TestTargetID = 651F851D2973F585003A66AA;
					};
				};
			};
			buildConfigurationList = 651F85192973F585003A66AA /* Build configuration list for PBXProject "BeyondTheApps Assignment" */;
			compatibilityVersion = "Xcode 14.0";
			developmentRegion = en;
			hasScannedForEncodings = 0;
			knownRegions = (
				en,
				Base,
			);
			mainGroup = 651F85152973F585003A66AA;
			productRefGroup = 651F851F2973F585003A66AA /* Products */;
			projectDirPath = "";
			projectRoot = "";
			targets = (
				651F851D2973F585003A66AA /* BeyondTheApps Assignment */,
				651F85332973F588003A66AA /* BeyondTheApps AssignmentTests */,
				651F853D2973F588003A66AA /* BeyondTheApps AssignmentUITests */,
			);
		};
/* End PBXProject section */

/* Begin PBXResourcesBuildPhase section */
		651F851C2973F585003A66AA /* Resources */ = {
			isa = PBXResourcesBuildPhase;
			buildActionMask = 2147483647;
			files = (
				651F852E2973F587003A66AA /* LaunchScreen.storyboard in Resources */,
				651F855629742A4D003A66AA /* Drift.mp4 in Resources */,
				651F852B2973F587003A66AA /* Assets.xcassets in Resources */,
				651F85292973F585003A66AA /* Main.storyboard in Resources */,
			);
			runOnlyForDeploymentPostprocessing = 0;
		};
		651F85322973F588003A66AA /* Resources */ = {
			isa = PBXResourcesBuildPhase;
			buildActionMask = 2147483647;
			files = (
			);
			runOnlyForDeploymentPostprocessing = 0;
		};
		651F853C2973F588003A66AA /* Resources */ = {
			isa = PBXResourcesBuildPhase;
			buildActionMask = 2147483647;
			files = (
			);
			runOnlyForDeploymentPostprocessing = 0;
		};
/* End PBXResourcesBuildPhase section */

/* Begin PBXSourcesBuildPhase section */
		651F851A2973F585003A66AA /* Sources */ = {
			isa = PBXSourcesBuildPhase;
			buildActionMask = 2147483647;
			files = (
				651F85262973F585003A66AA /* ViewController.swift in Sources */,
				651F855429742069003A66AA /* VideoEditingViewController.swift in Sources */,
				651F85222973F585003A66AA /* AppDelegate.swift in Sources */,
				651F85522974191C003A66AA /* ImageEditingViewController.swift in Sources */,
				651F85242973F585003A66AA /* SceneDelegate.swift in Sources */,
			);
			runOnlyForDeploymentPostprocessing = 0;
		};
		651F85302973F588003A66AA /* Sources */ = {
			isa = PBXSourcesBuildPhase;
			buildActionMask = 2147483647;
			files = (
				651F85392973F588003A66AA /* BeyondTheApps_AssignmentTests.swift in Sources */,
			);
			runOnlyForDeploymentPostprocessing = 0;
		};
		651F853A2973F588003A66AA /* Sources */ = {
			isa = PBXSourcesBuildPhase;
			buildActionMask = 2147483647;
			files = (
				651F85452973F588003A66AA /* BeyondTheApps_AssignmentUITestsLaunchTests.swift in Sources */,
				651F85432973F588003A66AA /* BeyondTheApps_AssignmentUITests.swift in Sources */,
			);
			runOnlyForDeploymentPostprocessing = 0;
		};
/* End PBXSourcesBuildPhase section */

/* Begin PBXTargetDependency section */
		651F85362973F588003A66AA /* PBXTargetDependency */ = {
			isa = PBXTargetDependency;
			target = 651F851D2973F585003A66AA /* BeyondTheApps Assignment */;
			targetProxy = 651F85352973F588003A66AA /* PBXContainerItemProxy */;
		};
		651F85402973F588003A66AA /* PBXTargetDependency */ = {
			isa = PBXTargetDependency;
			target = 651F851D2973F585003A66AA /* BeyondTheApps Assignment */;
			targetProxy = 651F853F2973F588003A66AA /* PBXContainerItemProxy */;
		};
/* End PBXTargetDependency section */

/* Begin PBXVariantGroup section */
		651F85272973F585003A66AA /* Main.storyboard */ = {
			isa = PBXVariantGroup;
			children = (
				651F85282973F585003A66AA /* Base */,
			);
			name = Main.storyboard;
			sourceTree = "<group>";
		};
		651F852C2973F587003A66AA /* LaunchScreen.storyboard */ = {
			isa = PBXVariantGroup;
			children = (
				651F852D2973F587003A66AA /* Base */,
			);
			name = LaunchScreen.storyboard;
			sourceTree = "<group>";
		};
/* End PBXVariantGroup section */

/* Begin XCBuildConfiguration section */
		651F85462973F588003A66AA /* Debug */ = {
			isa = XCBuildConfiguration;
			buildSettings = {
				ALWAYS_SEARCH_USER_PATHS = NO;
				CLANG_ANALYZER_NONNULL = YES;
				CLANG_ANALYZER_NUMBER_OBJECT_CONVERSION = YES_AGGRESSIVE;
				CLANG_CXX_LANGUAGE_STANDARD = "gnu++20";
				CLANG_ENABLE_MODULES = YES;
				CLANG_ENABLE_OBJC_ARC = YES;
				CLANG_ENABLE_OBJC_WEAK = YES;
				CLANG_WARN_BLOCK_CAPTURE_AUTORELEASING = YES;
				CLANG_WARN_BOOL_CONVERSION = YES;
				CLANG_WARN_COMMA = YES;
				CLANG_WARN_CONSTANT_CONVERSION = YES;
				CLANG_WARN_DEPRECATED_OBJC_IMPLEMENTATIONS = YES;
				CLANG_WARN_DIRECT_OBJC_ISA_USAGE = YES_ERROR;
				CLANG_WARN_DOCUMENTATION_COMMENTS = YES;
				CLANG_WARN_EMPTY_BODY = YES;
				CLANG_WARN_ENUM_CONVERSION = YES;
				CLANG_WARN_INFINITE_RECURSION = YES;
				CLANG_WARN_INT_CONVERSION = YES;
				CLANG_WARN_NON_LITERAL_NULL_CONVERSION = YES;
				CLANG_WARN_OBJC_IMPLICIT_RETAIN_SELF = YES;
				CLANG_WARN_OBJC_LITERAL_CONVERSION = YES;
				CLANG_WARN_OBJC_ROOT_CLASS = YES_ERROR;
				CLANG_WARN_QUOTED_INCLUDE_IN_FRAMEWORK_HEADER = YES;
				CLANG_WARN_RANGE_LOOP_ANALYSIS = YES;
				CLANG_WARN_STRICT_PROTOTYPES = YES;
				CLANG_WARN_SUSPICIOUS_MOVE = YES;
				CLANG_WARN_UNGUARDED_AVAILABILITY = YES_AGGRESSIVE;
				CLANG_WARN_UNREACHABLE_CODE = YES;
				CLANG_WARN__DUPLICATE_METHOD_MATCH = YES;
				COPY_PHASE_STRIP = NO;
				DEBUG_INFORMATION_FORMAT = dwarf;
				ENABLE_STRICT_OBJC_MSGSEND = YES;
				ENABLE_TESTABILITY = YES;
				GCC_C_LANGUAGE_STANDARD = gnu11;
				GCC_DYNAMIC_NO_PIC = NO;
				GCC_NO_COMMON_BLOCKS = YES;
				GCC_OPTIMIZATION_LEVEL = 0;
				GCC_PREPROCESSOR_DEFINITIONS = (
					"DEBUG=1",
					"$(inherited)",
				);
				GCC_WARN_64_TO_32_BIT_CONVERSION = YES;
				GCC_WARN_ABOUT_RETURN_TYPE = YES_ERROR;
				GCC_WARN_UNDECLARED_SELECTOR = YES;
				GCC_WARN_UNINITIALIZED_AUTOS = YES_AGGRESSIVE;
				GCC_WARN_UNUSED_FUNCTION = YES;
				GCC_WARN_UNUSED_VARIABLE = YES;
				IPHONEOS_DEPLOYMENT_TARGET = 16.2;
				MTL_ENABLE_DEBUG_INFO = INCLUDE_SOURCE;
				MTL_FAST_MATH = YES;
				ONLY_ACTIVE_ARCH = YES;
				SDKROOT = iphoneos;
				SWIFT_ACTIVE_COMPILATION_CONDITIONS = DEBUG;
				SWIFT_OPTIMIZATION_LEVEL = "-Onone";
			};
			name = Debug;
		};
		651F85472973F588003A66AA /* Release */ = {
			isa = XCBuildConfiguration;
			buildSettings = {
				ALWAYS_SEARCH_USER_PATHS = NO;
				CLANG_ANALYZER_NONNULL = YES;
				CLANG_ANALYZER_NUMBER_OBJECT_CONVERSION = YES_AGGRESSIVE;
				CLANG_CXX_LANGUAGE_STANDARD = "gnu++20";
				CLANG_ENABLE_MODULES = YES;
				CLANG_ENABLE_OBJC_ARC = YES;
				CLANG_ENABLE_OBJC_WEAK = YES;
				CLANG_WARN_BLOCK_CAPTURE_AUTORELEASING = YES;
				CLANG_WARN_BOOL_CONVERSION = YES;
				CLANG_WARN_COMMA = YES;
				CLANG_WARN_CONSTANT_CONVERSION = YES;
				CLANG_WARN_DEPRECATED_OBJC_IMPLEMENTATIONS = YES;
				CLANG_WARN_DIRECT_OBJC_ISA_USAGE = YES_ERROR;
				CLANG_WARN_DOCUMENTATION_COMMENTS = YES;
				CLANG_WARN_EMPTY_BODY = YES;
				CLANG_WARN_ENUM_CONVERSION = YES;
				CLANG_WARN_INFINITE_RECURSION = YES;
				CLANG_WARN_INT_CONVERSION = YES;
				CLANG_WARN_NON_LITERAL_NULL_CONVERSION = YES;
				CLANG_WARN_OBJC_IMPLICIT_RETAIN_SELF = YES;
				CLANG_WARN_OBJC_LITERAL_CONVERSION = YES;
				CLANG_WARN_OBJC_ROOT_CLASS = YES_ERROR;
				CLANG_WARN_QUOTED_INCLUDE_IN_FRAMEWORK_HEADER = YES;
				CLANG_WARN_RANGE_LOOP_ANALYSIS = YES;
				CLANG_WARN_STRICT_PROTOTYPES = YES;
				CLANG_WARN_SUSPICIOUS_MOVE = YES;
				CLANG_WARN_UNGUARDED_AVAILABILITY = YES_AGGRESSIVE;
				CLANG_WARN_UNREACHABLE_CODE = YES;
				CLANG_WARN__DUPLICATE_METHOD_MATCH = YES;
				COPY_PHASE_STRIP = NO;
				DEBUG_INFORMATION_FORMAT = "dwarf-with-dsym";
				ENABLE_NS_ASSERTIONS = NO;
				ENABLE_STRICT_OBJC_MSGSEND = YES;
				GCC_C_LANGUAGE_STANDARD = gnu11;
				GCC_NO_COMMON_BLOCKS = YES;
				GCC_WARN_64_TO_32_BIT_CONVERSION = YES;
				GCC_WARN_ABOUT_RETURN_TYPE = YES_ERROR;
				GCC_WARN_UNDECLARED_SELECTOR = YES;
				GCC_WARN_UNINITIALIZED_AUTOS = YES_AGGRESSIVE;
				GCC_WARN_UNUSED_FUNCTION = YES;
				GCC_WARN_UNUSED_VARIABLE = YES;
				IPHONEOS_DEPLOYMENT_TARGET = 16.2;
				MTL_ENABLE_DEBUG_INFO = NO;
				MTL_FAST_MATH = YES;
				SDKROOT = iphoneos;
				SWIFT_COMPILATION_MODE = wholemodule;
				SWIFT_OPTIMIZATION_LEVEL = "-O";
				VALIDATE_PRODUCT = YES;
			};
			name = Release;
		};
		651F85492973F588003A66AA /* Debug */ = {
			isa = XCBuildConfiguration;
			buildSettings = {
				ASSETCATALOG_COMPILER_APPICON_NAME = AppIcon;
				ASSETCATALOG_COMPILER_GLOBAL_ACCENT_COLOR_NAME = AccentColor;
				CODE_SIGN_STYLE = Automatic;
				CURRENT_PROJECT_VERSION = 1;
				DEVELOPMENT_TEAM = 57J2YF5ZNU;
				GENERATE_INFOPLIST_FILE = YES;
				INFOPLIST_FILE = "BeyondTheApps Assignment/Info.plist";
				INFOPLIST_KEY_NSPhotoLibraryUsageDescription = "We want to use photo library to save images";
				INFOPLIST_KEY_UIApplicationSupportsIndirectInputEvents = YES;
				INFOPLIST_KEY_UILaunchStoryboardName = LaunchScreen;
				INFOPLIST_KEY_UIMainStoryboardFile = Main;
				INFOPLIST_KEY_UISupportedInterfaceOrientations = UIInterfaceOrientationPortrait;
				LD_RUNPATH_SEARCH_PATHS = (
					"$(inherited)",
					"@executable_path/Frameworks",
				);
				MARKETING_VERSION = 1.0;
				PRODUCT_BUNDLE_IDENTIFIER = "com.umer.BTAPG.ios.BeyondTheApps-Assignment";
				PRODUCT_NAME = "$(TARGET_NAME)";
				SWIFT_EMIT_LOC_STRINGS = YES;
				SWIFT_VERSION = 5.0;
				TARGETED_DEVICE_FAMILY = "1,2";
			};
			name = Debug;
		};
		651F854A2973F588003A66AA /* Release */ = {
			isa = XCBuildConfiguration;
			buildSettings = {
				ASSETCATALOG_COMPILER_APPICON_NAME = AppIcon;
				ASSETCATALOG_COMPILER_GLOBAL_ACCENT_COLOR_NAME = AccentColor;
				CODE_SIGN_STYLE = Automatic;
				CURRENT_PROJECT_VERSION = 1;
				DEVELOPMENT_TEAM = 57J2YF5ZNU;
				GENERATE_INFOPLIST_FILE = YES;
				INFOPLIST_FILE = "BeyondTheApps Assignment/Info.plist";
				INFOPLIST_KEY_NSPhotoLibraryUsageDescription = "We want to use photo library to save images";
				INFOPLIST_KEY_UIApplicationSupportsIndirectInputEvents = YES;
				INFOPLIST_KEY_UILaunchStoryboardName = LaunchScreen;
				INFOPLIST_KEY_UIMainStoryboardFile = Main;
				INFOPLIST_KEY_UISupportedInterfaceOrientations = UIInterfaceOrientationPortrait;
				LD_RUNPATH_SEARCH_PATHS = (
					"$(inherited)",
					"@executable_path/Frameworks",
				);
				MARKETING_VERSION = 1.0;
				PRODUCT_BUNDLE_IDENTIFIER = "com.umer.BTAPG.ios.BeyondTheApps-Assignment";
				PRODUCT_NAME = "$(TARGET_NAME)";
				SWIFT_EMIT_LOC_STRINGS = YES;
				SWIFT_VERSION = 5.0;
				TARGETED_DEVICE_FAMILY = "1,2";
			};
			name = Release;
		};
		651F854C2973F588003A66AA /* Debug */ = {
			isa = XCBuildConfiguration;
			buildSettings = {
				ALWAYS_EMBED_SWIFT_STANDARD_LIBRARIES = YES;
				BUNDLE_LOADER = "$(TEST_HOST)";
				CODE_SIGN_STYLE = Automatic;
				CURRENT_PROJECT_VERSION = 1;
				DEVELOPMENT_TEAM = 57J2YF5ZNU;
				GENERATE_INFOPLIST_FILE = YES;
				IPHONEOS_DEPLOYMENT_TARGET = 16.2;
				MARKETING_VERSION = 1.0;
				PRODUCT_BUNDLE_IDENTIFIER = "com.umer.BTAPG.ios.BeyondTheApps-AssignmentTests";
				PRODUCT_NAME = "$(TARGET_NAME)";
				SWIFT_EMIT_LOC_STRINGS = NO;
				SWIFT_VERSION = 5.0;
				TARGETED_DEVICE_FAMILY = "1,2";
				TEST_HOST = "$(BUILT_PRODUCTS_DIR)/BeyondTheApps Assignment.app/$(BUNDLE_EXECUTABLE_FOLDER_PATH)/BeyondTheApps Assignment";
			};
			name = Debug;
		};
		651F854D2973F588003A66AA /* Release */ = {
			isa = XCBuildConfiguration;
			buildSettings = {
				ALWAYS_EMBED_SWIFT_STANDARD_LIBRARIES = YES;
				BUNDLE_LOADER = "$(TEST_HOST)";
				CODE_SIGN_STYLE = Automatic;
				CURRENT_PROJECT_VERSION = 1;
				DEVELOPMENT_TEAM = 57J2YF5ZNU;
				GENERATE_INFOPLIST_FILE = YES;
				IPHONEOS_DEPLOYMENT_TARGET = 16.2;
				MARKETING_VERSION = 1.0;
				PRODUCT_BUNDLE_IDENTIFIER = "com.umer.BTAPG.ios.BeyondTheApps-AssignmentTests";
				PRODUCT_NAME = "$(TARGET_NAME)";
				SWIFT_EMIT_LOC_STRINGS = NO;
				SWIFT_VERSION = 5.0;
				TARGETED_DEVICE_FAMILY = "1,2";
				TEST_HOST = "$(BUILT_PRODUCTS_DIR)/BeyondTheApps Assignment.app/$(BUNDLE_EXECUTABLE_FOLDER_PATH)/BeyondTheApps Assignment";
			};
			name = Release;
		};
		651F854F2973F588003A66AA /* Debug */ = {
			isa = XCBuildConfiguration;
			buildSettings = {
				ALWAYS_EMBED_SWIFT_STANDARD_LIBRARIES = YES;
				CODE_SIGN_STYLE = Automatic;
				CURRENT_PROJECT_VERSION = 1;
				DEVELOPMENT_TEAM = 57J2YF5ZNU;
				GENERATE_INFOPLIST_FILE = YES;
				MARKETING_VERSION = 1.0;
				PRODUCT_BUNDLE_IDENTIFIER = "com.umer.BTAPG.ios.BeyondTheApps-AssignmentUITests";
				PRODUCT_NAME = "$(TARGET_NAME)";
				SWIFT_EMIT_LOC_STRINGS = NO;
				SWIFT_VERSION = 5.0;
				TARGETED_DEVICE_FAMILY = "1,2";
				TEST_TARGET_NAME = "BeyondTheApps Assignment";
			};
			name = Debug;
		};
		651F85502973F588003A66AA /* Release */ = {
			isa = XCBuildConfiguration;
			buildSettings = {
				ALWAYS_EMBED_SWIFT_STANDARD_LIBRARIES = YES;
				CODE_SIGN_STYLE = Automatic;
				CURRENT_PROJECT_VERSION = 1;
				DEVELOPMENT_TEAM = 57J2YF5ZNU;
				GENERATE_INFOPLIST_FILE = YES;
				MARKETING_VERSION = 1.0;
				PRODUCT_BUNDLE_IDENTIFIER = "com.umer.BTAPG.ios.BeyondTheApps-AssignmentUITests";
				PRODUCT_NAME = "$(TARGET_NAME)";
				SWIFT_EMIT_LOC_STRINGS = NO;
				SWIFT_VERSION = 5.0;
				TARGETED_DEVICE_FAMILY = "1,2";
				TEST_TARGET_NAME = "BeyondTheApps Assignment";
			};
			name = Release;
		};
/* End XCBuildConfiguration section */

/* Begin XCConfigurationList section */
		651F85192973F585003A66AA /* Build configuration list for PBXProject "BeyondTheApps Assignment" */ = {
			isa = XCConfigurationList;
			buildConfigurations = (
				651F85462973F588003A66AA /* Debug */,
				651F85472973F588003A66AA /* Release */,
			);
			defaultConfigurationIsVisible = 0;
			defaultConfigurationName = Release;
		};
		651F85482973F588003A66AA /* Build configuration list for PBXNativeTarget "BeyondTheApps Assignment" */ = {
			isa = XCConfigurationList;
			buildConfigurations = (
				651F85492973F588003A66AA /* Debug */,
				651F854A2973F588003A66AA /* Release */,
			);
			defaultConfigurationIsVisible = 0;
			defaultConfigurationName = Release;
		};
		651F854B2973F588003A66AA /* Build configuration list for PBXNativeTarget "BeyondTheApps AssignmentTests" */ = {
			isa = XCConfigurationList;
			buildConfigurations = (
				651F854C2973F588003A66AA /* Debug */,
				651F854D2973F588003A66AA /* Release */,
			);
			defaultConfigurationIsVisible = 0;
			defaultConfigurationName = Release;
		};
		651F854E2973F588003A66AA /* Build configuration list for PBXNativeTarget "BeyondTheApps AssignmentUITests" */ = {
			isa = XCConfigurationList;
			buildConfigurations = (
				651F854F2973F588003A66AA /* Debug */,
				651F85502973F588003A66AA /* Release */,
			);
			defaultConfigurationIsVisible = 0;
			defaultConfigurationName = Release;
		};
/* End XCConfigurationList section */
	};
	rootObject = 651F85162973F585003A66AA /* Project object */;
}
